
Microsoft Visual Studio Solution File, Format Version 12.00
Project("{FAE04EC0-301F-11D3-BF4B-00C04F79EFBC}") = "Presentation", "src\WebApplication\Presentation\Presentation.csproj", "{51CEC4E8-CE28-4BC9-B05B-FBC14C220448}"
EndProject
Project("{FAE04EC0-301F-11D3-BF4B-00C04F79EFBC}") = "Infrastructure", "src\WebApplication\Infrastructure\Infrastructure.csproj", "{13EF989A-B8D6-40B4-984E-86F667F569FA}"
EndProject
Project("{FAE04EC0-301F-11D3-BF4B-00C04F79EFBC}") = "Domain", "src\WebApplication\Domain\Domain.csproj", "{6145AC80-F9B9-4C79-B8B2-3D01BB6401C1}"
EndProject
Project("{FAE04EC0-301F-11D3-BF4B-00C04F79EFBC}") = "UseCase", "src\WebApplication\UseCase\UseCase.csproj", "{CF1620E0-3E63-4489-B345-9F6AB72AAF2D}"
EndProject
Project("{2150E333-8FDC-42A3-9474-1A3956D46DE8}") = "LoadTest", "LoadTest", "{EEE12019-D898-41FF-A6DB-7A474CADB04A}"
EndProject
Project("{2150E333-8FDC-42A3-9474-1A3956D46DE8}") = "WebApplication", "WebApplication", "{BA3D143E-3E94-4636-BC4F-931D0DB568A9}"
EndProject
Project("{2150E333-8FDC-42A3-9474-1A3956D46DE8}") = "Tool", "Tool", "{6C81DDDB-2804-40F5-8826-B12EAD34FE8E}"
EndProject
Project("{FAE04EC0-301F-11D3-BF4B-00C04F79EFBC}") = "Controller", "src\Tool\LoadTest\Controller\Controller.csproj", "{E4D67126-CFC3-4FB6-9829-B927B6E5DFBC}"
EndProject
Project("{FAE04EC0-301F-11D3-BF4B-00C04F79EFBC}") = "Worker", "src\Tool\LoadTest\Worker\Worker.csproj", "{464E6138-975D-4E37-9FD3-ED8C0DCC61F7}"
EndProject
Project("{FAE04EC0-301F-11D3-BF4B-00C04F79EFBC}") = "RestApi", "src\Tool\LoadTest\RestApi\RestApi.csproj", "{1D8F831F-3683-4645-A1D8-8146175B275A}"
EndProject
Project("{2150E333-8FDC-42A3-9474-1A3956D46DE8}") = "Test", "Test", "{4A6A7A37-BD50-4A5A-A8D3-C09B3EA8F1A9}"
EndProject
Project("{FAE04EC0-301F-11D3-BF4B-00C04F79EFBC}") = "WebApplication.Test", "tests\WebApplication.Test\WebApplication.Test.csproj", "{75E7993F-3311-40E1-BCB7-CD576E71ACD1}"
EndProject
Project("{FAE04EC0-301F-11D3-BF4B-00C04F79EFBC}") = "WebApplication.Architecture.Test", "tests\WebApplication.Architecture.Test\WebApplication.Architecture.Test.csproj", "{6016CCC5-018D-406E-ACCA-024BD526F26D}"
EndProject
Project("{FAE04EC0-301F-11D3-BF4B-00C04F79EFBC}") = "Domain.RestApi", "src\WebApplication\Domain.RestApi\Domain.RestApi.csproj", "{B5A66F89-4B23-4153-993B-283DCB4C6E5E}"
EndProject
Project("{FAE04EC0-301F-11D3-BF4B-00C04F79EFBC}") = "DatabaseMigration", "src\Tool\DatabaseMigration\DatabaseMigration.csproj", "{9459D3FD-3ACF-4962-8AA4-8C259060B586}"
EndProject
Project("{FAE04EC0-301F-11D3-BF4B-00C04F79EFBC}") = "Infrastructure", "src\Infrastructure\Infrastructure.csproj", "{DF5EBBCD-1157-4196-85C0-A57D1F6283E4}"
EndProject
Project("{FAE04EC0-301F-11D3-BF4B-00C04F79EFBC}") = "CodeGeneration", "src\Tool\CodeGeneration\CodeGeneration.csproj", "{B1AB125A-500D-41C5-8B79-82B7ACE2ABE7}"
EndProject
Global
	GlobalSection(SolutionConfigurationPlatforms) = preSolution
		Debug|Any CPU = Debug|Any CPU
		Release|Any CPU = Release|Any CPU
	EndGlobalSection
	GlobalSection(ProjectConfigurationPlatforms) = postSolution
		{51CEC4E8-CE28-4BC9-B05B-FBC14C220448}.Debug|Any CPU.ActiveCfg = Debug|Any CPU
		{51CEC4E8-CE28-4BC9-B05B-FBC14C220448}.Debug|Any CPU.Build.0 = Debug|Any CPU
		{51CEC4E8-CE28-4BC9-B05B-FBC14C220448}.Release|Any CPU.ActiveCfg = Release|Any CPU
		{51CEC4E8-CE28-4BC9-B05B-FBC14C220448}.Release|Any CPU.Build.0 = Release|Any CPU
		{13EF989A-B8D6-40B4-984E-86F667F569FA}.Debug|Any CPU.ActiveCfg = Debug|Any CPU
		{13EF989A-B8D6-40B4-984E-86F667F569FA}.Debug|Any CPU.Build.0 = Debug|Any CPU
		{13EF989A-B8D6-40B4-984E-86F667F569FA}.Release|Any CPU.ActiveCfg = Release|Any CPU
		{13EF989A-B8D6-40B4-984E-86F667F569FA}.Release|Any CPU.Build.0 = Release|Any CPU
		{6145AC80-F9B9-4C79-B8B2-3D01BB6401C1}.Debug|Any CPU.ActiveCfg = Debug|Any CPU
		{6145AC80-F9B9-4C79-B8B2-3D01BB6401C1}.Debug|Any CPU.Build.0 = Debug|Any CPU
		{6145AC80-F9B9-4C79-B8B2-3D01BB6401C1}.Release|Any CPU.ActiveCfg = Release|Any CPU
		{6145AC80-F9B9-4C79-B8B2-3D01BB6401C1}.Release|Any CPU.Build.0 = Release|Any CPU
		{CF1620E0-3E63-4489-B345-9F6AB72AAF2D}.Debug|Any CPU.ActiveCfg = Debug|Any CPU
		{CF1620E0-3E63-4489-B345-9F6AB72AAF2D}.Debug|Any CPU.Build.0 = Debug|Any CPU
		{CF1620E0-3E63-4489-B345-9F6AB72AAF2D}.Release|Any CPU.ActiveCfg = Release|Any CPU
		{CF1620E0-3E63-4489-B345-9F6AB72AAF2D}.Release|Any CPU.Build.0 = Release|Any CPU
		{E4D67126-CFC3-4FB6-9829-B927B6E5DFBC}.Debug|Any CPU.ActiveCfg = Debug|Any CPU
		{E4D67126-CFC3-4FB6-9829-B927B6E5DFBC}.Debug|Any CPU.Build.0 = Debug|Any CPU
		{E4D67126-CFC3-4FB6-9829-B927B6E5DFBC}.Release|Any CPU.ActiveCfg = Release|Any CPU
		{E4D67126-CFC3-4FB6-9829-B927B6E5DFBC}.Release|Any CPU.Build.0 = Release|Any CPU
		{464E6138-975D-4E37-9FD3-ED8C0DCC61F7}.Debug|Any CPU.ActiveCfg = Debug|Any CPU
		{464E6138-975D-4E37-9FD3-ED8C0DCC61F7}.Debug|Any CPU.Build.0 = Debug|Any CPU
		{464E6138-975D-4E37-9FD3-ED8C0DCC61F7}.Release|Any CPU.ActiveCfg = Release|Any CPU
		{464E6138-975D-4E37-9FD3-ED8C0DCC61F7}.Release|Any CPU.Build.0 = Release|Any CPU
		{1D8F831F-3683-4645-A1D8-8146175B275A}.Debug|Any CPU.ActiveCfg = Debug|Any CPU
		{1D8F831F-3683-4645-A1D8-8146175B275A}.Debug|Any CPU.Build.0 = Debug|Any CPU
		{1D8F831F-3683-4645-A1D8-8146175B275A}.Release|Any CPU.ActiveCfg = Release|Any CPU
		{1D8F831F-3683-4645-A1D8-8146175B275A}.Release|Any CPU.Build.0 = Release|Any CPU
		{75E7993F-3311-40E1-BCB7-CD576E71ACD1}.Debug|Any CPU.ActiveCfg = Debug|Any CPU
		{75E7993F-3311-40E1-BCB7-CD576E71ACD1}.Debug|Any CPU.Build.0 = Debug|Any CPU
		{75E7993F-3311-40E1-BCB7-CD576E71ACD1}.Release|Any CPU.ActiveCfg = Release|Any CPU
		{75E7993F-3311-40E1-BCB7-CD576E71ACD1}.Release|Any CPU.Build.0 = Release|Any CPU
		{6016CCC5-018D-406E-ACCA-024BD526F26D}.Debug|Any CPU.ActiveCfg = Debug|Any CPU
		{6016CCC5-018D-406E-ACCA-024BD526F26D}.Debug|Any CPU.Build.0 = Debug|Any CPU
		{6016CCC5-018D-406E-ACCA-024BD526F26D}.Release|Any CPU.ActiveCfg = Release|Any CPU
		{6016CCC5-018D-406E-ACCA-024BD526F26D}.Release|Any CPU.Build.0 = Release|Any CPU
		{B5A66F89-4B23-4153-993B-283DCB4C6E5E}.Debug|Any CPU.ActiveCfg = Debug|Any CPU
		{B5A66F89-4B23-4153-993B-283DCB4C6E5E}.Debug|Any CPU.Build.0 = Debug|Any CPU
		{B5A66F89-4B23-4153-993B-283DCB4C6E5E}.Release|Any CPU.ActiveCfg = Release|Any CPU
		{B5A66F89-4B23-4153-993B-283DCB4C6E5E}.Release|Any CPU.Build.0 = Release|Any CPU
		{9459D3FD-3ACF-4962-8AA4-8C259060B586}.Debug|Any CPU.ActiveCfg = Debug|Any CPU
		{9459D3FD-3ACF-4962-8AA4-8C259060B586}.Debug|Any CPU.Build.0 = Debug|Any CPU
		{9459D3FD-3ACF-4962-8AA4-8C259060B586}.Release|Any CPU.ActiveCfg = Release|Any CPU
		{9459D3FD-3ACF-4962-8AA4-8C259060B586}.Release|Any CPU.Build.0 = Release|Any CPU
		{DF5EBBCD-1157-4196-85C0-A57D1F6283E4}.Debug|Any CPU.ActiveCfg = Debug|Any CPU
		{DF5EBBCD-1157-4196-85C0-A57D1F6283E4}.Debug|Any CPU.Build.0 = Debug|Any CPU
		{DF5EBBCD-1157-4196-85C0-A57D1F6283E4}.Release|Any CPU.ActiveCfg = Release|Any CPU
		{DF5EBBCD-1157-4196-85C0-A57D1F6283E4}.Release|Any CPU.Build.0 = Release|Any CPU
		{B1AB125A-500D-41C5-8B79-82B7ACE2ABE7}.Debug|Any CPU.ActiveCfg = Debug|Any CPU
		{B1AB125A-500D-41C5-8B79-82B7ACE2ABE7}.Debug|Any CPU.Build.0 = Debug|Any CPU
		{B1AB125A-500D-41C5-8B79-82B7ACE2ABE7}.Release|Any CPU.ActiveCfg = Release|Any CPU
		{B1AB125A-500D-41C5-8B79-82B7ACE2ABE7}.Release|Any CPU.Build.0 = Release|Any CPU
	EndGlobalSection
	GlobalSection(NestedProjects) = preSolution
		{6145AC80-F9B9-4C79-B8B2-3D01BB6401C1} = {BA3D143E-3E94-4636-BC4F-931D0DB568A9}
		{13EF989A-B8D6-40B4-984E-86F667F569FA} = {BA3D143E-3E94-4636-BC4F-931D0DB568A9}
		{51CEC4E8-CE28-4BC9-B05B-FBC14C220448} = {BA3D143E-3E94-4636-BC4F-931D0DB568A9}
		{CF1620E0-3E63-4489-B345-9F6AB72AAF2D} = {BA3D143E-3E94-4636-BC4F-931D0DB568A9}
		{EEE12019-D898-41FF-A6DB-7A474CADB04A} = {6C81DDDB-2804-40F5-8826-B12EAD34FE8E}
		{E4D67126-CFC3-4FB6-9829-B927B6E5DFBC} = {EEE12019-D898-41FF-A6DB-7A474CADB04A}
		{464E6138-975D-4E37-9FD3-ED8C0DCC61F7} = {EEE12019-D898-41FF-A6DB-7A474CADB04A}
		{1D8F831F-3683-4645-A1D8-8146175B275A} = {EEE12019-D898-41FF-A6DB-7A474CADB04A}
		{75E7993F-3311-40E1-BCB7-CD576E71ACD1} = {4A6A7A37-BD50-4A5A-A8D3-C09B3EA8F1A9}
		{6016CCC5-018D-406E-ACCA-024BD526F26D} = {4A6A7A37-BD50-4A5A-A8D3-C09B3EA8F1A9}
		{B5A66F89-4B23-4153-993B-283DCB4C6E5E} = {BA3D143E-3E94-4636-BC4F-931D0DB568A9}
		{9459D3FD-3ACF-4962-8AA4-8C259060B586} = {6C81DDDB-2804-40F5-8826-B12EAD34FE8E}
		{B1AB125A-500D-41C5-8B79-82B7ACE2ABE7} = {6C81DDDB-2804-40F5-8826-B12EAD34FE8E}
	EndGlobalSection
EndGlobal
